
Microsoft Visual Studio Solution File, Format Version 12.00
# Visual Studio 15
VisualStudioVersion = 15.0.28307.168
MinimumVisualStudioVersion = 10.0.40219.1
Project("{FAE04EC0-301F-11D3-BF4B-00C04F79EFBC}") = "OyuncuTabani", "OyuncuTabani\OyuncuTabani.csproj", "{D9E2A3A4-FEF7-4239-944B-4B0DED731FD0}"
EndProject
Global
	GlobalSection(SolutionConfigurationPlatforms) = preSolution
		Debug|Any CPU = Debug|Any CPU
		Release|Any CPU = Release|Any CPU
	EndGlobalSection
	GlobalSection(ProjectConfigurationPlatforms) = postSolution
		{D9E2A3A4-FEF7-4239-944B-4B0DED731FD0}.Debug|Any CPU.ActiveCfg = Debug|Any CPU
		{D9E2A3A4-FEF7-4239-944B-4B0DED731FD0}.Debug|Any CPU.Build.0 = Debug|Any CPU
		{D9E2A3A4-FEF7-4239-944B-4B0DED731FD0}.Release|Any CPU.ActiveCfg = Release|Any CPU
		{D9E2A3A4-FEF7-4239-944B-4B0DED731FD0}.Release|Any CPU.Build.0 = Release|Any CPU
	EndGlobalSection
	GlobalSection(SolutionProperties) = preSolution
		HideSolutionNode = FALSE
	EndGlobalSection
	GlobalSection(ExtensibilityGlobals) = postSolution
		SolutionGuid = {501F468E-C28C-42F4-99A9-2D825F8DDF82}
	EndGlobalSection
EndGlobal
